<?xml version="1.0" encoding="utf-8"?>
<Project ToolsVersion="4.0" xmlns="http://schemas.microsoft.com/developer/msbuild/2003">
  <ItemGroup>
    <Filter Include="Source Files">
      <UniqueIdentifier>{7bdf6f52-f9df-401d-8c7f-ec3f5de64e58}</UniqueIdentifier>
      <Extensions>cpp;c;cxx;rc;def;r;odl;idl;hpj;bat</Extensions>
    </Filter>
    <Filter Include="Resource Files">
      <UniqueIdentifier>{506b72d4-869b-4390-bb63-f437bd2896e6}</UniqueIdentifier>
      <Extensions>ico;cur;bmp;dlg;rc2;rct;bin;rgs;gif;jpg;jpeg;jpe</Extensions>
    </Filter>
    <Filter Include="Header Files">
      <UniqueIdentifier>{e780ee21-ac85-4141-bb47-90c0f85cd0a8}</UniqueIdentifier>
      <Extensions>h;hpp;hxx;hm;inl</Extensions>
    </Filter>
  </ItemGroup>
  <ItemGroup>
    <ClCompile Include="Hemicube.cpp">
      <Filter>Source Files</Filter>
    </ClCompile>
    <ClCompile Include="Loader.cpp">
      <Filter>Source Files</Filter>
    </ClCompile>
    <ClCompile Include="Mesher.cpp">
      <Filter>Source Files</Filter>
    </ClCompile>
    <ClCompile Include="ProgRef.cpp">
      <Filter>Source Files</Filter>
    </ClCompile>
    <ClCompile Include="radiosity.cpp">
      <Filter>Source Files</Filter>
    </ClCompile>
  </ItemGroup>
  <ItemGroup>
    <None Include="cornell_1.x3d">
      <Filter>Resource Files</Filter>
    </None>
    <None Include="cornell_2.x3d">
      <Filter>Resource Files</Filter>
    </None>
    <None Include="Resource.xml">
      <Filter>Resource Files</Filter>
    </None>
  </ItemGroup>
  <ItemGroup>
    <ClInclude Include="DataFormat.h">
      <Filter>Header Files</Filter>
    </ClInclude>
    <ClInclude Include="ProgRef.h">
      <Filter>Header Files</Filter>
    </ClInclude>
  </ItemGroup>
</Project>