<?xml version="1.0" encoding="utf-8"?>
<Project ToolsVersion="4.0" xmlns="http://schemas.microsoft.com/developer/msbuild/2003">
  <ItemGroup>
    <Filter Include="Source Files">
      <UniqueIdentifier>{5191839d-867d-4150-8f91-67e6edf8cdf6}</UniqueIdentifier>
      <Extensions>cpp;c;cxx;rc;def;r;odl;idl;hpj;bat</Extensions>
    </Filter>
    <Filter Include="Resource Files">
      <UniqueIdentifier>{e61d3106-6daa-4c1f-97e9-5b01fc4a2c50}</UniqueIdentifier>
      <Extensions>ico;cur;bmp;dlg;rc2;rct;bin;rgs;gif;jpg;jpeg;jpe</Extensions>
    </Filter>
    <Filter Include="Header Files">
      <UniqueIdentifier>{3fff1dce-f075-419c-bd3a-f90bb1c2dc28}</UniqueIdentifier>
      <Extensions>h;hpp;hxx;hm;inl</Extensions>
    </Filter>
  </ItemGroup>
  <ItemGroup>
    <ClCompile Include="Hemicube.cpp">
      <Filter>Source Files</Filter>
    </ClCompile>
    <ClCompile Include="Loader.cpp">
      <Filter>Source Files</Filter>
    </ClCompile>
    <ClCompile Include="Mesher.cpp">
      <Filter>Source Files</Filter>
    </ClCompile>
    <ClCompile Include="ProgRef.cpp">
      <Filter>Source Files</Filter>
    </ClCompile>
    <ClCompile Include="radiosity.cpp">
      <Filter>Source Files</Filter>
    </ClCompile>
  </ItemGroup>
  <ItemGroup>
    <None Include="cornell_1.x3d">
      <Filter>Resource Files</Filter>
    </None>
    <None Include="cornell_2.x3d">
      <Filter>Resource Files</Filter>
    </None>
    <None Include="Resource.xml">
      <Filter>Resource Files</Filter>
    </None>
  </ItemGroup>
  <ItemGroup>
    <ClInclude Include="DataFormat.h">
      <Filter>Header Files</Filter>
    </ClInclude>
    <ClInclude Include="ProgRef.h">
      <Filter>Header Files</Filter>
    </ClInclude>
  </ItemGroup>
</Project>